
Microsoft Visual Studio Solution File, Format Version 12.00
# Visual Studio Version 17
VisualStudioVersion = 17.0.31903.59
MinimumVisualStudioVersion = 10.0.40219.1
Project("{FAE04EC0-301F-11D3-BF4B-00C04F79EFBC}") = "MissionTelemetry.Core", "MissionTelemetry.Core\MissionTelemetry.Core.csproj", "{3B1B24CC-74D5-4230-A6FE-6470798EC92F}"
EndProject
Project("{FAE04EC0-301F-11D3-BF4B-00C04F79EFBC}") = "MissionTelemetry.Wpf", "MissionTelemetry.Wpf\MissionTelemetry.Wpf.csproj", "{F9742BA4-0566-4C4E-89F6-BB7A3E568F85}"
EndProject
Project("{2150E333-8FDC-42A3-9474-1A3956D46DE8}") = "Docs", "Docs", "{02EA681E-C7D8-13C7-8484-4AC65E1B71E8}"
	ProjectSection(SolutionItems) = preProject
		Docs\Aktivitätsdiagramm.png = Docs\Aktivitätsdiagramm.png
		class.puml = class.puml
		..\OneDrive - LG-Academy\Bilder\KlassendiagrammMT.png = ..\OneDrive - LG-Academy\Bilder\KlassendiagrammMT.png
		README.md = README.md
		Docs\Sequenzdiagramm.png = Docs\Sequenzdiagramm.png
	EndProjectSection
EndProject
Project("{FAE04EC0-301F-11D3-BF4B-00C04F79EFBC}") = "MissionTelemetry.Api", "MissionTelemetry.Api\MissionTelemetry.Api.csproj", "{2F0F8A97-960D-4F02-B581-4721375CBAD8}"
EndProject
Global
	GlobalSection(SolutionConfigurationPlatforms) = preSolution
		Debug|Any CPU = Debug|Any CPU
		Debug|x64 = Debug|x64
		Debug|x86 = Debug|x86
		Release|Any CPU = Release|Any CPU
		Release|x64 = Release|x64
		Release|x86 = Release|x86
	EndGlobalSection
	GlobalSection(ProjectConfigurationPlatforms) = postSolution
		{3B1B24CC-74D5-4230-A6FE-6470798EC92F}.Debug|Any CPU.ActiveCfg = Debug|Any CPU
		{3B1B24CC-74D5-4230-A6FE-6470798EC92F}.Debug|Any CPU.Build.0 = Debug|Any CPU
		{3B1B24CC-74D5-4230-A6FE-6470798EC92F}.Debug|x64.ActiveCfg = Debug|Any CPU
		{3B1B24CC-74D5-4230-A6FE-6470798EC92F}.Debug|x64.Build.0 = Debug|Any CPU
		{3B1B24CC-74D5-4230-A6FE-6470798EC92F}.Debug|x86.ActiveCfg = Debug|Any CPU
		{3B1B24CC-74D5-4230-A6FE-6470798EC92F}.Debug|x86.Build.0 = Debug|Any CPU
		{3B1B24CC-74D5-4230-A6FE-6470798EC92F}.Release|Any CPU.ActiveCfg = Release|Any CPU
		{3B1B24CC-74D5-4230-A6FE-6470798EC92F}.Release|Any CPU.Build.0 = Release|Any CPU
		{3B1B24CC-74D5-4230-A6FE-6470798EC92F}.Release|x64.ActiveCfg = Release|Any CPU
		{3B1B24CC-74D5-4230-A6FE-6470798EC92F}.Release|x64.Build.0 = Release|Any CPU
		{3B1B24CC-74D5-4230-A6FE-6470798EC92F}.Release|x86.ActiveCfg = Release|Any CPU
		{3B1B24CC-74D5-4230-A6FE-6470798EC92F}.Release|x86.Build.0 = Release|Any CPU
		{F9742BA4-0566-4C4E-89F6-BB7A3E568F85}.Debug|Any CPU.ActiveCfg = Debug|Any CPU
		{F9742BA4-0566-4C4E-89F6-BB7A3E568F85}.Debug|Any CPU.Build.0 = Debug|Any CPU
		{F9742BA4-0566-4C4E-89F6-BB7A3E568F85}.Debug|x64.ActiveCfg = Debug|Any CPU
		{F9742BA4-0566-4C4E-89F6-BB7A3E568F85}.Debug|x64.Build.0 = Debug|Any CPU
		{F9742BA4-0566-4C4E-89F6-BB7A3E568F85}.Debug|x86.ActiveCfg = Debug|Any CPU
		{F9742BA4-0566-4C4E-89F6-BB7A3E568F85}.Debug|x86.Build.0 = Debug|Any CPU
		{F9742BA4-0566-4C4E-89F6-BB7A3E568F85}.Release|Any CPU.ActiveCfg = Release|Any CPU
		{F9742BA4-0566-4C4E-89F6-BB7A3E568F85}.Release|Any CPU.Build.0 = Release|Any CPU
		{F9742BA4-0566-4C4E-89F6-BB7A3E568F85}.Release|x64.ActiveCfg = Release|Any CPU
		{F9742BA4-0566-4C4E-89F6-BB7A3E568F85}.Release|x64.Build.0 = Release|Any CPU
		{F9742BA4-0566-4C4E-89F6-BB7A3E568F85}.Release|x86.ActiveCfg = Release|Any CPU
		{F9742BA4-0566-4C4E-89F6-BB7A3E568F85}.Release|x86.Build.0 = Release|Any CPU
		{2F0F8A97-960D-4F02-B581-4721375CBAD8}.Debug|Any CPU.ActiveCfg = Debug|Any CPU
		{2F0F8A97-960D-4F02-B581-4721375CBAD8}.Debug|Any CPU.Build.0 = Debug|Any CPU
		{2F0F8A97-960D-4F02-B581-4721375CBAD8}.Debug|x64.ActiveCfg = Debug|Any CPU
		{2F0F8A97-960D-4F02-B581-4721375CBAD8}.Debug|x64.Build.0 = Debug|Any CPU
		{2F0F8A97-960D-4F02-B581-4721375CBAD8}.Debug|x86.ActiveCfg = Debug|Any CPU
		{2F0F8A97-960D-4F02-B581-4721375CBAD8}.Debug|x86.Build.0 = Debug|Any CPU
		{2F0F8A97-960D-4F02-B581-4721375CBAD8}.Release|Any CPU.ActiveCfg = Release|Any CPU
		{2F0F8A97-960D-4F02-B581-4721375CBAD8}.Release|Any CPU.Build.0 = Release|Any CPU
		{2F0F8A97-960D-4F02-B581-4721375CBAD8}.Release|x64.ActiveCfg = Release|Any CPU
		{2F0F8A97-960D-4F02-B581-4721375CBAD8}.Release|x64.Build.0 = Release|Any CPU
		{2F0F8A97-960D-4F02-B581-4721375CBAD8}.Release|x86.ActiveCfg = Release|Any CPU
		{2F0F8A97-960D-4F02-B581-4721375CBAD8}.Release|x86.Build.0 = Release|Any CPU
	EndGlobalSection
	GlobalSection(SolutionProperties) = preSolution
		HideSolutionNode = FALSE
	EndGlobalSection
	GlobalSection(ExtensibilityGlobals) = postSolution
		SolutionGuid = {82E0D0CD-B7C6-4DE5-A1EC-F6E4005C3E18}
	EndGlobalSection
EndGlobal
